
Microsoft Visual Studio Solution File, Format Version 12.00
# Visual Studio Version 17
VisualStudioVersion = 17.8.34330.188
MinimumVisualStudioVersion = 10.0.40219.1
Project("{FAE04EC0-301F-11D3-BF4B-00C04F79EFBC}") = "WebCam", "WebCam\WebCam.csproj", "{639B4B4E-0F93-43EE-A536-3BB15A70D2B0}"
EndProject
Global
	GlobalSection(SolutionConfigurationPlatforms) = preSolution
		Debug|Any CPU = Debug|Any CPU
		Release|Any CPU = Release|Any CPU
	EndGlobalSection
	GlobalSection(ProjectConfigurationPlatforms) = postSolution
		{639B4B4E-0F93-43EE-A536-3BB15A70D2B0}.Debug|Any CPU.ActiveCfg = Debug|Any CPU
		{639B4B4E-0F93-43EE-A536-3BB15A70D2B0}.Debug|Any CPU.Build.0 = Debug|Any CPU
		{639B4B4E-0F93-43EE-A536-3BB15A70D2B0}.Release|Any CPU.ActiveCfg = Release|Any CPU
		{639B4B4E-0F93-43EE-A536-3BB15A70D2B0}.Release|Any CPU.Build.0 = Release|Any CPU
	EndGlobalSection
	GlobalSection(SolutionProperties) = preSolution
		HideSolutionNode = FALSE
	EndGlobalSection
	GlobalSection(ExtensibilityGlobals) = postSolution
		SolutionGuid = {226CD11C-695B-497E-9E6C-A403CCB56055}
	EndGlobalSection
EndGlobal
